
Microsoft Visual Studio Solution File, Format Version 12.00
# Visual Studio Version 16
VisualStudioVersion = 16.0.31410.357
MinimumVisualStudioVersion = 10.0.40219.1
Project("{FAE04EC0-301F-11D3-BF4B-00C04F79EFBC}") = "Team-2-OnlineCourierManagement", "Team-2-OnlineCourierManagement\Team-2-OnlineCourierManagement.csproj", "{39DE16A5-50FD-4974-A1FB-375A731511DB}"
EndProject
Global
	GlobalSection(SolutionConfigurationPlatforms) = preSolution
		Debug|Any CPU = Debug|Any CPU
		Release|Any CPU = Release|Any CPU
	EndGlobalSection
	GlobalSection(ProjectConfigurationPlatforms) = postSolution
		{39DE16A5-50FD-4974-A1FB-375A731511DB}.Debug|Any CPU.ActiveCfg = Debug|Any CPU
		{39DE16A5-50FD-4974-A1FB-375A731511DB}.Debug|Any CPU.Build.0 = Debug|Any CPU
		{39DE16A5-50FD-4974-A1FB-375A731511DB}.Release|Any CPU.ActiveCfg = Release|Any CPU
		{39DE16A5-50FD-4974-A1FB-375A731511DB}.Release|Any CPU.Build.0 = Release|Any CPU
	EndGlobalSection
	GlobalSection(SolutionProperties) = preSolution
		HideSolutionNode = FALSE
	EndGlobalSection
	GlobalSection(ExtensibilityGlobals) = postSolution
		SolutionGuid = {CB4E10E0-DF69-43F6-9283-EBB105A59029}
	EndGlobalSection
EndGlobal
